// !$*UTF8*$!
{
	archiveVersion = 1;
	classes = {
	};
	objectVersion = 56;
	objects = {

/* Begin PBXBuildFile section */
		4A079D972AA8D9AF009976F8 /* AppDelegate.swift in Sources */ = {isa = PBXBuildFile; fileRef = 4A079D962AA8D9AF009976F8 /* AppDelegate.swift */; };
		4A079D992AA8D9AF009976F8 /* SceneDelegate.swift in Sources */ = {isa = PBXBuildFile; fileRef = 4A079D982AA8D9AF009976F8 /* SceneDelegate.swift */; };
		4A079D9B2AA8D9AF009976F8 /* ViewController.swift in Sources */ = {isa = PBXBuildFile; fileRef = 4A079D9A2AA8D9AF009976F8 /* ViewController.swift */; };
		4A079DA02AA8D9B0009976F8 /* Assets.xcassets in Resources */ = {isa = PBXBuildFile; fileRef = 4A079D9F2AA8D9B0009976F8 /* Assets.xcassets */; };
		4A079DA32AA8D9B0009976F8 /* LaunchScreen.storyboard in Resources */ = {isa = PBXBuildFile; fileRef = 4A079DA12AA8D9B0009976F8 /* LaunchScreen.storyboard */; };
		4A079DAB2AA9B032009976F8 /* FileCell.swift in Sources */ = {isa = PBXBuildFile; fileRef = 4A079DAA2AA9B032009976F8 /* FileCell.swift */; };
		4A079DB02AA9B9AA009976F8 /* FileModel.swift in Sources */ = {isa = PBXBuildFile; fileRef = 4A079DAF2AA9B9AA009976F8 /* FileModel.swift */; };
		4A079DB22AA9B9E6009976F8 /* FileView.swift in Sources */ = {isa = PBXBuildFile; fileRef = 4A079DB12AA9B9E6009976F8 /* FileView.swift */; };
		4A079DB52AA9BDCE009976F8 /* FileModelDelegate.swift in Sources */ = {isa = PBXBuildFile; fileRef = 4A079DB42AA9BDCE009976F8 /* FileModelDelegate.swift */; };
		4A079DBE2AAB94A2009976F8 /* LoginModel.swift in Sources */ = {isa = PBXBuildFile; fileRef = 4A079DBD2AAB94A2009976F8 /* LoginModel.swift */; };
		4A079DC02AAB94AE009976F8 /* LoginView.swift in Sources */ = {isa = PBXBuildFile; fileRef = 4A079DBF2AAB94AE009976F8 /* LoginView.swift */; };
		4A079DC22AAB94C4009976F8 /* LoginController.swift in Sources */ = {isa = PBXBuildFile; fileRef = 4A079DC12AAB94C4009976F8 /* LoginController.swift */; };
		4A22FA1C2AABD88E002219E9 /* TabBarController.swift in Sources */ = {isa = PBXBuildFile; fileRef = 4A22FA1B2AABD88E002219E9 /* TabBarController.swift */; };
		4A22FA242AABDA47002219E9 /* PasswordModel.swift in Sources */ = {isa = PBXBuildFile; fileRef = 4A22FA232AABDA47002219E9 /* PasswordModel.swift */; };
		4A22FA272AABDA91002219E9 /* KeychainAccess in Frameworks */ = {isa = PBXBuildFile; productRef = 4A22FA262AABDA91002219E9 /* KeychainAccess */; };
		4A22FA292AABDAAE002219E9 /* SettingsModel.swift in Sources */ = {isa = PBXBuildFile; fileRef = 4A22FA282AABDAAE002219E9 /* SettingsModel.swift */; };
		4A22FA2B2AABDABE002219E9 /* SettingsController.swift in Sources */ = {isa = PBXBuildFile; fileRef = 4A22FA2A2AABDABE002219E9 /* SettingsController.swift */; };
		4A22FA2D2AABDACD002219E9 /* SettingsView.swift in Sources */ = {isa = PBXBuildFile; fileRef = 4A22FA2C2AABDACD002219E9 /* SettingsView.swift */; };
		4AC6CB132AADF152003D0333 /* PasswordManager.swift in Sources */ = {isa = PBXBuildFile; fileRef = 4AC6CB122AADF152003D0333 /* PasswordManager.swift */; };
		4AC6CB162AADF378003D0333 /* LoginControllerDelegate.swift in Sources */ = {isa = PBXBuildFile; fileRef = 4AC6CB152AADF378003D0333 /* LoginControllerDelegate.swift */; };
		4AC6CB1E2AAE1E91003D0333 /* ImageModel.swift in Sources */ = {isa = PBXBuildFile; fileRef = 4AC6CB1D2AAE1E91003D0333 /* ImageModel.swift */; };
/* End PBXBuildFile section */

/* Begin PBXFileReference section */
		4A079D932AA8D9AF009976F8 /* FileManager.app */ = {isa = PBXFileReference; explicitFileType = wrapper.application; includeInIndex = 0; path = FileManager.app; sourceTree = BUILT_PRODUCTS_DIR; };
		4A079D962AA8D9AF009976F8 /* AppDelegate.swift */ = {isa = PBXFileReference; lastKnownFileType = sourcecode.swift; path = AppDelegate.swift; sourceTree = "<group>"; };
		4A079D982AA8D9AF009976F8 /* SceneDelegate.swift */ = {isa = PBXFileReference; lastKnownFileType = sourcecode.swift; path = SceneDelegate.swift; sourceTree = "<group>"; };
		4A079D9A2AA8D9AF009976F8 /* ViewController.swift */ = {isa = PBXFileReference; lastKnownFileType = sourcecode.swift; path = ViewController.swift; sourceTree = "<group>"; };
		4A079D9F2AA8D9B0009976F8 /* Assets.xcassets */ = {isa = PBXFileReference; lastKnownFileType = folder.assetcatalog; path = Assets.xcassets; sourceTree = "<group>"; };
		4A079DA22AA8D9B0009976F8 /* Base */ = {isa = PBXFileReference; lastKnownFileType = file.storyboard; name = Base; path = Base.lproj/LaunchScreen.storyboard; sourceTree = "<group>"; };
		4A079DA42AA8D9B0009976F8 /* Info.plist */ = {isa = PBXFileReference; lastKnownFileType = text.plist.xml; path = Info.plist; sourceTree = "<group>"; };
		4A079DAA2AA9B032009976F8 /* FileCell.swift */ = {isa = PBXFileReference; lastKnownFileType = sourcecode.swift; path = FileCell.swift; sourceTree = "<group>"; };
		4A079DAF2AA9B9AA009976F8 /* FileModel.swift */ = {isa = PBXFileReference; lastKnownFileType = sourcecode.swift; path = FileModel.swift; sourceTree = "<group>"; };
		4A079DB12AA9B9E6009976F8 /* FileView.swift */ = {isa = PBXFileReference; lastKnownFileType = sourcecode.swift; path = FileView.swift; sourceTree = "<group>"; };
		4A079DB42AA9BDCE009976F8 /* FileModelDelegate.swift */ = {isa = PBXFileReference; lastKnownFileType = sourcecode.swift; path = FileModelDelegate.swift; sourceTree = "<group>"; };
		4A079DBD2AAB94A2009976F8 /* LoginModel.swift */ = {isa = PBXFileReference; lastKnownFileType = sourcecode.swift; path = LoginModel.swift; sourceTree = "<group>"; };
		4A079DBF2AAB94AE009976F8 /* LoginView.swift */ = {isa = PBXFileReference; lastKnownFileType = sourcecode.swift; path = LoginView.swift; sourceTree = "<group>"; };
		4A079DC12AAB94C4009976F8 /* LoginController.swift */ = {isa = PBXFileReference; lastKnownFileType = sourcecode.swift; path = LoginController.swift; sourceTree = "<group>"; };
		4A22FA1B2AABD88E002219E9 /* TabBarController.swift */ = {isa = PBXFileReference; lastKnownFileType = sourcecode.swift; path = TabBarController.swift; sourceTree = "<group>"; };
		4A22FA232AABDA47002219E9 /* PasswordModel.swift */ = {isa = PBXFileReference; lastKnownFileType = sourcecode.swift; path = PasswordModel.swift; sourceTree = "<group>"; };
		4A22FA282AABDAAE002219E9 /* SettingsModel.swift */ = {isa = PBXFileReference; lastKnownFileType = sourcecode.swift; path = SettingsModel.swift; sourceTree = "<group>"; };
		4A22FA2A2AABDABE002219E9 /* SettingsController.swift */ = {isa = PBXFileReference; lastKnownFileType = sourcecode.swift; path = SettingsController.swift; sourceTree = "<group>"; };
		4A22FA2C2AABDACD002219E9 /* SettingsView.swift */ = {isa = PBXFileReference; lastKnownFileType = sourcecode.swift; path = SettingsView.swift; sourceTree = "<group>"; };
		4AC6CB122AADF152003D0333 /* PasswordManager.swift */ = {isa = PBXFileReference; lastKnownFileType = sourcecode.swift; path = PasswordManager.swift; sourceTree = "<group>"; };
		4AC6CB152AADF378003D0333 /* LoginControllerDelegate.swift */ = {isa = PBXFileReference; lastKnownFileType = sourcecode.swift; path = LoginControllerDelegate.swift; sourceTree = "<group>"; };
		4AC6CB1D2AAE1E91003D0333 /* ImageModel.swift */ = {isa = PBXFileReference; lastKnownFileType = sourcecode.swift; path = ImageModel.swift; sourceTree = "<group>"; };
/* End PBXFileReference section */

/* Begin PBXFrameworksBuildPhase section */
		4A079D902AA8D9AF009976F8 /* Frameworks */ = {
			isa = PBXFrameworksBuildPhase;
			buildActionMask = 2147483647;
			files = (
				4A22FA272AABDA91002219E9 /* KeychainAccess in Frameworks */,
			);
			runOnlyForDeploymentPostprocessing = 0;
		};
/* End PBXFrameworksBuildPhase section */

/* Begin PBXGroup section */
		4A079D8A2AA8D9AF009976F8 = {
			isa = PBXGroup;
			children = (
				4A079D952AA8D9AF009976F8 /* FileManager */,
				4A079D942AA8D9AF009976F8 /* Products */,
			);
			sourceTree = "<group>";
		};
		4A079D942AA8D9AF009976F8 /* Products */ = {
			isa = PBXGroup;
			children = (
				4A079D932AA8D9AF009976F8 /* FileManager.app */,
			);
			name = Products;
			sourceTree = "<group>";
		};
		4A079D952AA8D9AF009976F8 /* FileManager */ = {
			isa = PBXGroup;
			children = (
				4A079DB72AA9C462009976F8 /* AppDelegate */,
				4A22FA2E2AABDAD7002219E9 /* TabBar */,
				4A079DB92AAB9430009976F8 /* LoginMVC */,
				4A079DB82AAB93E4009976F8 /* FileMVC */,
				4A22FA1F2AABD9CF002219E9 /* SettingsMVC */,
				4A079D9F2AA8D9B0009976F8 /* Assets.xcassets */,
				4A079DA12AA8D9B0009976F8 /* LaunchScreen.storyboard */,
				4A079DA42AA8D9B0009976F8 /* Info.plist */,
			);
			path = FileManager;
			sourceTree = "<group>";
		};
		4A079DAC2AA9B96F009976F8 /* Model */ = {
			isa = PBXGroup;
			children = (
				4A079DAF2AA9B9AA009976F8 /* FileModel.swift */,
				4AC6CB1D2AAE1E91003D0333 /* ImageModel.swift */,
			);
			path = Model;
			sourceTree = "<group>";
		};
		4A079DAD2AA9B976009976F8 /* View */ = {
			isa = PBXGroup;
			children = (
				4A079DB12AA9B9E6009976F8 /* FileView.swift */,
			);
			path = View;
			sourceTree = "<group>";
		};
		4A079DAE2AA9B989009976F8 /* Controller */ = {
			isa = PBXGroup;
			children = (
				4A079D9A2AA8D9AF009976F8 /* ViewController.swift */,
				4A079DB62AA9C44A009976F8 /* Cell */,
			);
			path = Controller;
			sourceTree = "<group>";
		};
		4A079DB32AA9BDB6009976F8 /* Protocol */ = {
			isa = PBXGroup;
			children = (
				4A079DB42AA9BDCE009976F8 /* FileModelDelegate.swift */,
			);
			path = Protocol;
			sourceTree = "<group>";
		};
		4A079DB62AA9C44A009976F8 /* Cell */ = {
			isa = PBXGroup;
			children = (
				4A079DAA2AA9B032009976F8 /* FileCell.swift */,
			);
			path = Cell;
			sourceTree = "<group>";
		};
		4A079DB72AA9C462009976F8 /* AppDelegate */ = {
			isa = PBXGroup;
			children = (
				4A079D962AA8D9AF009976F8 /* AppDelegate.swift */,
				4A079D982AA8D9AF009976F8 /* SceneDelegate.swift */,
			);
			path = AppDelegate;
			sourceTree = "<group>";
		};
		4A079DB82AAB93E4009976F8 /* FileMVC */ = {
			isa = PBXGroup;
			children = (
				4A079DB32AA9BDB6009976F8 /* Protocol */,
				4A079DAC2AA9B96F009976F8 /* Model */,
				4A079DAD2AA9B976009976F8 /* View */,
				4A079DAE2AA9B989009976F8 /* Controller */,
			);
			path = FileMVC;
			sourceTree = "<group>";
		};
		4A079DB92AAB9430009976F8 /* LoginMVC */ = {
			isa = PBXGroup;
			children = (
				4AC6CB142AADF35E003D0333 /* Protocol */,
				4A079DBA2AAB9478009976F8 /* Model */,
				4A079DBB2AAB9482009976F8 /* View */,
				4A079DBC2AAB948B009976F8 /* Controller */,
			);
			path = LoginMVC;
			sourceTree = "<group>";
		};
		4A079DBA2AAB9478009976F8 /* Model */ = {
			isa = PBXGroup;
			children = (
				4AC6CB112AADF139003D0333 /* PasswordModel */,
				4A079DBD2AAB94A2009976F8 /* LoginModel.swift */,
			);
			path = Model;
			sourceTree = "<group>";
		};
		4A079DBB2AAB9482009976F8 /* View */ = {
			isa = PBXGroup;
			children = (
				4A079DBF2AAB94AE009976F8 /* LoginView.swift */,
			);
			path = View;
			sourceTree = "<group>";
		};
		4A079DBC2AAB948B009976F8 /* Controller */ = {
			isa = PBXGroup;
			children = (
				4A079DC12AAB94C4009976F8 /* LoginController.swift */,
			);
			path = Controller;
			sourceTree = "<group>";
		};
		4A22FA1F2AABD9CF002219E9 /* SettingsMVC */ = {
			isa = PBXGroup;
			children = (
				4A22FA222AABDA13002219E9 /* Model */,
				4A22FA212AABDA06002219E9 /* View */,
				4A22FA202AABD9F3002219E9 /* Controller */,
			);
			path = SettingsMVC;
			sourceTree = "<group>";
		};
		4A22FA202AABD9F3002219E9 /* Controller */ = {
			isa = PBXGroup;
			children = (
				4A22FA2A2AABDABE002219E9 /* SettingsController.swift */,
			);
			path = Controller;
			sourceTree = "<group>";
		};
		4A22FA212AABDA06002219E9 /* View */ = {
			isa = PBXGroup;
			children = (
				4A22FA2C2AABDACD002219E9 /* SettingsView.swift */,
			);
			path = View;
			sourceTree = "<group>";
		};
		4A22FA222AABDA13002219E9 /* Model */ = {
			isa = PBXGroup;
			children = (
				4A22FA282AABDAAE002219E9 /* SettingsModel.swift */,
			);
			path = Model;
			sourceTree = "<group>";
		};
		4A22FA2E2AABDAD7002219E9 /* TabBar */ = {
			isa = PBXGroup;
			children = (
				4A22FA1B2AABD88E002219E9 /* TabBarController.swift */,
			);
			path = TabBar;
			sourceTree = "<group>";
		};
		4AC6CB112AADF139003D0333 /* PasswordModel */ = {
			isa = PBXGroup;
			children = (
				4A22FA232AABDA47002219E9 /* PasswordModel.swift */,
				4AC6CB122AADF152003D0333 /* PasswordManager.swift */,
			);
			path = PasswordModel;
			sourceTree = "<group>";
		};
		4AC6CB142AADF35E003D0333 /* Protocol */ = {
			isa = PBXGroup;
			children = (
				4AC6CB152AADF378003D0333 /* LoginControllerDelegate.swift */,
			);
			path = Protocol;
			sourceTree = "<group>";
		};
/* End PBXGroup section */

/* Begin PBXNativeTarget section */
		4A079D922AA8D9AF009976F8 /* FileManager */ = {
			isa = PBXNativeTarget;
			buildConfigurationList = 4A079DA72AA8D9B0009976F8 /* Build configuration list for PBXNativeTarget "FileManager" */;
			buildPhases = (
				4A079D8F2AA8D9AF009976F8 /* Sources */,
				4A079D902AA8D9AF009976F8 /* Frameworks */,
				4A079D912AA8D9AF009976F8 /* Resources */,
			);
			buildRules = (
			);
			dependencies = (
			);
			name = FileManager;
			packageProductDependencies = (
				4A22FA262AABDA91002219E9 /* KeychainAccess */,
			);
			productName = FileManager;
			productReference = 4A079D932AA8D9AF009976F8 /* FileManager.app */;
			productType = "com.apple.product-type.application";
		};
/* End PBXNativeTarget section */

/* Begin PBXProject section */
		4A079D8B2AA8D9AF009976F8 /* Project object */ = {
			isa = PBXProject;
			attributes = {
				BuildIndependentTargetsInParallel = 1;
				LastSwiftUpdateCheck = 1430;
				LastUpgradeCheck = 1430;
				TargetAttributes = {
					4A079D922AA8D9AF009976F8 = {
						CreatedOnToolsVersion = 14.3.1;
					};
				};
			};
			buildConfigurationList = 4A079D8E2AA8D9AF009976F8 /* Build configuration list for PBXProject "FileManager" */;
			compatibilityVersion = "Xcode 14.0";
			developmentRegion = en;
			hasScannedForEncodings = 0;
			knownRegions = (
				en,
				Base,
			);
			mainGroup = 4A079D8A2AA8D9AF009976F8;
			packageReferences = (
				4A22FA252AABDA91002219E9 /* XCRemoteSwiftPackageReference "KeychainAccess" */,
			);
			productRefGroup = 4A079D942AA8D9AF009976F8 /* Products */;
			projectDirPath = "";
			projectRoot = "";
			targets = (
				4A079D922AA8D9AF009976F8 /* FileManager */,
			);
		};
/* End PBXProject section */

/* Begin PBXResourcesBuildPhase section */
		4A079D912AA8D9AF009976F8 /* Resources */ = {
			isa = PBXResourcesBuildPhase;
			buildActionMask = 2147483647;
			files = (
				4A079DA32AA8D9B0009976F8 /* LaunchScreen.storyboard in Resources */,
				4A079DA02AA8D9B0009976F8 /* Assets.xcassets in Resources */,
			);
			runOnlyForDeploymentPostprocessing = 0;
		};
/* End PBXResourcesBuildPhase section */

/* Begin PBXSourcesBuildPhase section */
		4A079D8F2AA8D9AF009976F8 /* Sources */ = {
			isa = PBXSourcesBuildPhase;
			buildActionMask = 2147483647;
			files = (
				4A22FA2D2AABDACD002219E9 /* SettingsView.swift in Sources */,
				4A079DB22AA9B9E6009976F8 /* FileView.swift in Sources */,
				4A079D9B2AA8D9AF009976F8 /* ViewController.swift in Sources */,
				4A22FA1C2AABD88E002219E9 /* TabBarController.swift in Sources */,
				4AC6CB162AADF378003D0333 /* LoginControllerDelegate.swift in Sources */,
				4A079DAB2AA9B032009976F8 /* FileCell.swift in Sources */,
				4A079DC02AAB94AE009976F8 /* LoginView.swift in Sources */,
				4A079DB02AA9B9AA009976F8 /* FileModel.swift in Sources */,
				4A22FA242AABDA47002219E9 /* PasswordModel.swift in Sources */,
				4A079D972AA8D9AF009976F8 /* AppDelegate.swift in Sources */,
				4A079DBE2AAB94A2009976F8 /* LoginModel.swift in Sources */,
				4A079DB52AA9BDCE009976F8 /* FileModelDelegate.swift in Sources */,
				4A22FA2B2AABDABE002219E9 /* SettingsController.swift in Sources */,
				4AC6CB1E2AAE1E91003D0333 /* ImageModel.swift in Sources */,
				4A079D992AA8D9AF009976F8 /* SceneDelegate.swift in Sources */,
				4A079DC22AAB94C4009976F8 /* LoginController.swift in Sources */,
				4AC6CB132AADF152003D0333 /* PasswordManager.swift in Sources */,
				4A22FA292AABDAAE002219E9 /* SettingsModel.swift in Sources */,
			);
			runOnlyForDeploymentPostprocessing = 0;
		};
/* End PBXSourcesBuildPhase section */

/* Begin PBXVariantGroup section */
		4A079DA12AA8D9B0009976F8 /* LaunchScreen.storyboard */ = {
			isa = PBXVariantGroup;
			children = (
				4A079DA22AA8D9B0009976F8 /* Base */,
			);
			name = LaunchScreen.storyboard;
			sourceTree = "<group>";
		};
/* End PBXVariantGroup section */

/* Begin XCBuildConfiguration section */
		4A079DA52AA8D9B0009976F8 /* Debug */ = {
			isa = XCBuildConfiguration;
			buildSettings = {
				ALWAYS_SEARCH_USER_PATHS = NO;
				CLANG_ANALYZER_NONNULL = YES;
				CLANG_ANALYZER_NUMBER_OBJECT_CONVERSION = YES_AGGRESSIVE;
				CLANG_CXX_LANGUAGE_STANDARD = "gnu++20";
				CLANG_ENABLE_MODULES = YES;
				CLANG_ENABLE_OBJC_ARC = YES;
				CLANG_ENABLE_OBJC_WEAK = YES;
				CLANG_WARN_BLOCK_CAPTURE_AUTORELEASING = YES;
				CLANG_WARN_BOOL_CONVERSION = YES;
				CLANG_WARN_COMMA = YES;
				CLANG_WARN_CONSTANT_CONVERSION = YES;
				CLANG_WARN_DEPRECATED_OBJC_IMPLEMENTATIONS = YES;
				CLANG_WARN_DIRECT_OBJC_ISA_USAGE = YES_ERROR;
				CLANG_WARN_DOCUMENTATION_COMMENTS = YES;
				CLANG_WARN_EMPTY_BODY = YES;
				CLANG_WARN_ENUM_CONVERSION = YES;
				CLANG_WARN_INFINITE_RECURSION = YES;
				CLANG_WARN_INT_CONVERSION = YES;
				CLANG_WARN_NON_LITERAL_NULL_CONVERSION = YES;
				CLANG_WARN_OBJC_IMPLICIT_RETAIN_SELF = YES;
				CLANG_WARN_OBJC_LITERAL_CONVERSION = YES;
				CLANG_WARN_OBJC_ROOT_CLASS = YES_ERROR;
				CLANG_WARN_QUOTED_INCLUDE_IN_FRAMEWORK_HEADER = YES;
				CLANG_WARN_RANGE_LOOP_ANALYSIS = YES;
				CLANG_WARN_STRICT_PROTOTYPES = YES;
				CLANG_WARN_SUSPICIOUS_MOVE = YES;
				CLANG_WARN_UNGUARDED_AVAILABILITY = YES_AGGRESSIVE;
				CLANG_WARN_UNREACHABLE_CODE = YES;
				CLANG_WARN__DUPLICATE_METHOD_MATCH = YES;
				COPY_PHASE_STRIP = NO;
				DEBUG_INFORMATION_FORMAT = dwarf;
				ENABLE_STRICT_OBJC_MSGSEND = YES;
				ENABLE_TESTABILITY = YES;
				GCC_C_LANGUAGE_STANDARD = gnu11;
				GCC_DYNAMIC_NO_PIC = NO;
				GCC_NO_COMMON_BLOCKS = YES;
				GCC_OPTIMIZATION_LEVEL = 0;
				GCC_PREPROCESSOR_DEFINITIONS = (
					"DEBUG=1",
					"$(inherited)",
				);
				GCC_WARN_64_TO_32_BIT_CONVERSION = YES;
				GCC_WARN_ABOUT_RETURN_TYPE = YES_ERROR;
				GCC_WARN_UNDECLARED_SELECTOR = YES;
				GCC_WARN_UNINITIALIZED_AUTOS = YES_AGGRESSIVE;
				GCC_WARN_UNUSED_FUNCTION = YES;
				GCC_WARN_UNUSED_VARIABLE = YES;
				IPHONEOS_DEPLOYMENT_TARGET = 16.4;
				MTL_ENABLE_DEBUG_INFO = INCLUDE_SOURCE;
				MTL_FAST_MATH = YES;
				ONLY_ACTIVE_ARCH = YES;
				SDKROOT = iphoneos;
				SWIFT_ACTIVE_COMPILATION_CONDITIONS = DEBUG;
				SWIFT_OPTIMIZATION_LEVEL = "-Onone";
			};
			name = Debug;
		};
		4A079DA62AA8D9B0009976F8 /* Release */ = {
			isa = XCBuildConfiguration;
			buildSettings = {
				ALWAYS_SEARCH_USER_PATHS = NO;
				CLANG_ANALYZER_NONNULL = YES;
				CLANG_ANALYZER_NUMBER_OBJECT_CONVERSION = YES_AGGRESSIVE;
				CLANG_CXX_LANGUAGE_STANDARD = "gnu++20";
				CLANG_ENABLE_MODULES = YES;
				CLANG_ENABLE_OBJC_ARC = YES;
				CLANG_ENABLE_OBJC_WEAK = YES;
				CLANG_WARN_BLOCK_CAPTURE_AUTORELEASING = YES;
				CLANG_WARN_BOOL_CONVERSION = YES;
				CLANG_WARN_COMMA = YES;
				CLANG_WARN_CONSTANT_CONVERSION = YES;
				CLANG_WARN_DEPRECATED_OBJC_IMPLEMENTATIONS = YES;
				CLANG_WARN_DIRECT_OBJC_ISA_USAGE = YES_ERROR;
				CLANG_WARN_DOCUMENTATION_COMMENTS = YES;
				CLANG_WARN_EMPTY_BODY = YES;
				CLANG_WARN_ENUM_CONVERSION = YES;
				CLANG_WARN_INFINITE_RECURSION = YES;
				CLANG_WARN_INT_CONVERSION = YES;
				CLANG_WARN_NON_LITERAL_NULL_CONVERSION = YES;
				CLANG_WARN_OBJC_IMPLICIT_RETAIN_SELF = YES;
				CLANG_WARN_OBJC_LITERAL_CONVERSION = YES;
				CLANG_WARN_OBJC_ROOT_CLASS = YES_ERROR;
				CLANG_WARN_QUOTED_INCLUDE_IN_FRAMEWORK_HEADER = YES;
				CLANG_WARN_RANGE_LOOP_ANALYSIS = YES;
				CLANG_WARN_STRICT_PROTOTYPES = YES;
				CLANG_WARN_SUSPICIOUS_MOVE = YES;
				CLANG_WARN_UNGUARDED_AVAILABILITY = YES_AGGRESSIVE;
				CLANG_WARN_UNREACHABLE_CODE = YES;
				CLANG_WARN__DUPLICATE_METHOD_MATCH = YES;
				COPY_PHASE_STRIP = NO;
				DEBUG_INFORMATION_FORMAT = "dwarf-with-dsym";
				ENABLE_NS_ASSERTIONS = NO;
				ENABLE_STRICT_OBJC_MSGSEND = YES;
				GCC_C_LANGUAGE_STANDARD = gnu11;
				GCC_NO_COMMON_BLOCKS = YES;
				GCC_WARN_64_TO_32_BIT_CONVERSION = YES;
				GCC_WARN_ABOUT_RETURN_TYPE = YES_ERROR;
				GCC_WARN_UNDECLARED_SELECTOR = YES;
				GCC_WARN_UNINITIALIZED_AUTOS = YES_AGGRESSIVE;
				GCC_WARN_UNUSED_FUNCTION = YES;
				GCC_WARN_UNUSED_VARIABLE = YES;
				IPHONEOS_DEPLOYMENT_TARGET = 16.4;
				MTL_ENABLE_DEBUG_INFO = NO;
				MTL_FAST_MATH = YES;
				SDKROOT = iphoneos;
				SWIFT_COMPILATION_MODE = wholemodule;
				SWIFT_OPTIMIZATION_LEVEL = "-O";
				VALIDATE_PRODUCT = YES;
			};
			name = Release;
		};
		4A079DA82AA8D9B0009976F8 /* Debug */ = {
			isa = XCBuildConfiguration;
			buildSettings = {
				ASSETCATALOG_COMPILER_APPICON_NAME = AppIcon;
				ASSETCATALOG_COMPILER_GLOBAL_ACCENT_COLOR_NAME = AccentColor;
				CODE_SIGN_STYLE = Automatic;
				CURRENT_PROJECT_VERSION = 1;
				DEVELOPMENT_TEAM = 7PUJF8P767;
				GENERATE_INFOPLIST_FILE = YES;
				INFOPLIST_FILE = FileManager/Info.plist;
				INFOPLIST_KEY_UIApplicationSupportsIndirectInputEvents = YES;
				INFOPLIST_KEY_UILaunchStoryboardName = LaunchScreen;
				INFOPLIST_KEY_UISupportedInterfaceOrientations_iPad = "UIInterfaceOrientationPortrait UIInterfaceOrientationPortraitUpsideDown UIInterfaceOrientationLandscapeLeft UIInterfaceOrientationLandscapeRight";
				INFOPLIST_KEY_UISupportedInterfaceOrientations_iPhone = "UIInterfaceOrientationPortrait UIInterfaceOrientationLandscapeLeft UIInterfaceOrientationLandscapeRight";
				LD_RUNPATH_SEARCH_PATHS = (
					"$(inherited)",
					"@executable_path/Frameworks",
				);
				MARKETING_VERSION = 1.0;
				PRODUCT_BUNDLE_IDENTIFIER = com.maybert.FileManager;
				PRODUCT_NAME = "$(TARGET_NAME)";
				SWIFT_EMIT_LOC_STRINGS = YES;
				SWIFT_VERSION = 5.0;
				TARGETED_DEVICE_FAMILY = "1,2";
			};
			name = Debug;
		};
		4A079DA92AA8D9B0009976F8 /* Release */ = {
			isa = XCBuildConfiguration;
			buildSettings = {
				ASSETCATALOG_COMPILER_APPICON_NAME = AppIcon;
				ASSETCATALOG_COMPILER_GLOBAL_ACCENT_COLOR_NAME = AccentColor;
				CODE_SIGN_STYLE = Automatic;
				CURRENT_PROJECT_VERSION = 1;
				DEVELOPMENT_TEAM = 7PUJF8P767;
				GENERATE_INFOPLIST_FILE = YES;
				INFOPLIST_FILE = FileManager/Info.plist;
				INFOPLIST_KEY_UIApplicationSupportsIndirectInputEvents = YES;
				INFOPLIST_KEY_UILaunchStoryboardName = LaunchScreen;
				INFOPLIST_KEY_UISupportedInterfaceOrientations_iPad = "UIInterfaceOrientationPortrait UIInterfaceOrientationPortraitUpsideDown UIInterfaceOrientationLandscapeLeft UIInterfaceOrientationLandscapeRight";
				INFOPLIST_KEY_UISupportedInterfaceOrientations_iPhone = "UIInterfaceOrientationPortrait UIInterfaceOrientationLandscapeLeft UIInterfaceOrientationLandscapeRight";
				LD_RUNPATH_SEARCH_PATHS = (
					"$(inherited)",
					"@executable_path/Frameworks",
				);
				MARKETING_VERSION = 1.0;
				PRODUCT_BUNDLE_IDENTIFIER = com.maybert.FileManager;
				PRODUCT_NAME = "$(TARGET_NAME)";
				SWIFT_EMIT_LOC_STRINGS = YES;
				SWIFT_VERSION = 5.0;
				TARGETED_DEVICE_FAMILY = "1,2";
			};
			name = Release;
		};
/* End XCBuildConfiguration section */

/* Begin XCConfigurationList section */
		4A079D8E2AA8D9AF009976F8 /* Build configuration list for PBXProject "FileManager" */ = {
			isa = XCConfigurationList;
			buildConfigurations = (
				4A079DA52AA8D9B0009976F8 /* Debug */,
				4A079DA62AA8D9B0009976F8 /* Release */,
			);
			defaultConfigurationIsVisible = 0;
			defaultConfigurationName = Release;
		};
		4A079DA72AA8D9B0009976F8 /* Build configuration list for PBXNativeTarget "FileManager" */ = {
			isa = XCConfigurationList;
			buildConfigurations = (
				4A079DA82AA8D9B0009976F8 /* Debug */,
				4A079DA92AA8D9B0009976F8 /* Release */,
			);
			defaultConfigurationIsVisible = 0;
			defaultConfigurationName = Release;
		};
/* End XCConfigurationList section */

/* Begin XCRemoteSwiftPackageReference section */
		4A22FA252AABDA91002219E9 /* XCRemoteSwiftPackageReference "KeychainAccess" */ = {
			isa = XCRemoteSwiftPackageReference;
			repositoryURL = "https://github.com/kishikawakatsumi/KeychainAccess";
			requirement = {
				branch = master;
				kind = branch;
			};
		};
/* End XCRemoteSwiftPackageReference section */

/* Begin XCSwiftPackageProductDependency section */
		4A22FA262AABDA91002219E9 /* KeychainAccess */ = {
			isa = XCSwiftPackageProductDependency;
			package = 4A22FA252AABDA91002219E9 /* XCRemoteSwiftPackageReference "KeychainAccess" */;
			productName = KeychainAccess;
		};
/* End XCSwiftPackageProductDependency section */
	};
	rootObject = 4A079D8B2AA8D9AF009976F8 /* Project object */;
}
